
Microsoft Visual Studio Solution File, Format Version 12.00
# Visual Studio Version 16
VisualStudioVersion = 16.0.31105.61
MinimumVisualStudioVersion = 10.0.40219.1
Project("{9A19103F-16F7-4668-BE54-9A1E7A4F7556}") = "Entities", "Entities\Entities.csproj", "{741A1BB9-C239-4E27-B642-59264152CE7C}"
EndProject
Project("{9A19103F-16F7-4668-BE54-9A1E7A4F7556}") = "DataAccess", "DataAccess\DataAccess.csproj", "{84752B0B-D3C4-49A0-B730-8482F5D56226}"
EndProject
Project("{9A19103F-16F7-4668-BE54-9A1E7A4F7556}") = "Business", "Business\Business.csproj", "{21EE3774-20FD-44BA-9BEC-BDB52CAC5D7E}"
EndProject
Project("{9A19103F-16F7-4668-BE54-9A1E7A4F7556}") = "ConsoleUI", "ConsoleUI\ConsoleUI.csproj", "{02EF78A5-BBA1-4E8A-A074-343418BFBC4E}"
EndProject
Project("{2150E333-8FDC-42A3-9474-1A3956D46DE8}") = "Database", "Database", "{8410E214-0914-4D47-946D-F31C2C36DCF4}"
	ProjectSection(SolutionItems) = preProject
		ReCapDatabase.sql = ReCapDatabase.sql
	EndProjectSection
EndProject
Project("{FAE04EC0-301F-11D3-BF4B-00C04F79EFBC}") = "Core", "Core\Core.csproj", "{8E98C062-73C9-4289-B56C-3423CAB3C695}"
EndProject
Global
	GlobalSection(SolutionConfigurationPlatforms) = preSolution
		Debug|Any CPU = Debug|Any CPU
		Release|Any CPU = Release|Any CPU
	EndGlobalSection
	GlobalSection(ProjectConfigurationPlatforms) = postSolution
		{741A1BB9-C239-4E27-B642-59264152CE7C}.Debug|Any CPU.ActiveCfg = Debug|Any CPU
		{741A1BB9-C239-4E27-B642-59264152CE7C}.Debug|Any CPU.Build.0 = Debug|Any CPU
		{741A1BB9-C239-4E27-B642-59264152CE7C}.Release|Any CPU.ActiveCfg = Release|Any CPU
		{741A1BB9-C239-4E27-B642-59264152CE7C}.Release|Any CPU.Build.0 = Release|Any CPU
		{84752B0B-D3C4-49A0-B730-8482F5D56226}.Debug|Any CPU.ActiveCfg = Debug|Any CPU
		{84752B0B-D3C4-49A0-B730-8482F5D56226}.Debug|Any CPU.Build.0 = Debug|Any CPU
		{84752B0B-D3C4-49A0-B730-8482F5D56226}.Release|Any CPU.ActiveCfg = Release|Any CPU
		{84752B0B-D3C4-49A0-B730-8482F5D56226}.Release|Any CPU.Build.0 = Release|Any CPU
		{21EE3774-20FD-44BA-9BEC-BDB52CAC5D7E}.Debug|Any CPU.ActiveCfg = Debug|Any CPU
		{21EE3774-20FD-44BA-9BEC-BDB52CAC5D7E}.Debug|Any CPU.Build.0 = Debug|Any CPU
		{21EE3774-20FD-44BA-9BEC-BDB52CAC5D7E}.Release|Any CPU.ActiveCfg = Release|Any CPU
		{21EE3774-20FD-44BA-9BEC-BDB52CAC5D7E}.Release|Any CPU.Build.0 = Release|Any CPU
		{02EF78A5-BBA1-4E8A-A074-343418BFBC4E}.Debug|Any CPU.ActiveCfg = Debug|Any CPU
		{02EF78A5-BBA1-4E8A-A074-343418BFBC4E}.Debug|Any CPU.Build.0 = Debug|Any CPU
		{02EF78A5-BBA1-4E8A-A074-343418BFBC4E}.Release|Any CPU.ActiveCfg = Release|Any CPU
		{02EF78A5-BBA1-4E8A-A074-343418BFBC4E}.Release|Any CPU.Build.0 = Release|Any CPU
		{8E98C062-73C9-4289-B56C-3423CAB3C695}.Debug|Any CPU.ActiveCfg = Debug|Any CPU
		{8E98C062-73C9-4289-B56C-3423CAB3C695}.Debug|Any CPU.Build.0 = Debug|Any CPU
		{8E98C062-73C9-4289-B56C-3423CAB3C695}.Release|Any CPU.ActiveCfg = Release|Any CPU
		{8E98C062-73C9-4289-B56C-3423CAB3C695}.Release|Any CPU.Build.0 = Release|Any CPU
	EndGlobalSection
	GlobalSection(SolutionProperties) = preSolution
		HideSolutionNode = FALSE
	EndGlobalSection
	GlobalSection(ExtensibilityGlobals) = postSolution
		SolutionGuid = {402101F3-0666-42D0-A9F5-4E107E38DEE9}
	EndGlobalSection
EndGlobal
